
Microsoft Visual Studio Solution File, Format Version 12.00
# Visual Studio 2012
Project("{FAE04EC0-301F-11D3-BF4B-00C04F79EFBC}") = "FizzBang", "FizzBang\FizzBang.csproj", "{B7A6E012-81C5-435E-AF24-A2BC8357A76B}"
EndProject
Global
	GlobalSection(SolutionConfigurationPlatforms) = preSolution
		Debug|Any CPU = Debug|Any CPU
		Release|Any CPU = Release|Any CPU
	EndGlobalSection
	GlobalSection(ProjectConfigurationPlatforms) = postSolution
		{B7A6E012-81C5-435E-AF24-A2BC8357A76B}.Debug|Any CPU.ActiveCfg = Debug|Any CPU
		{B7A6E012-81C5-435E-AF24-A2BC8357A76B}.Debug|Any CPU.Build.0 = Debug|Any CPU
		{B7A6E012-81C5-435E-AF24-A2BC8357A76B}.Release|Any CPU.ActiveCfg = Release|Any CPU
		{B7A6E012-81C5-435E-AF24-A2BC8357A76B}.Release|Any CPU.Build.0 = Release|Any CPU
	EndGlobalSection
	GlobalSection(SolutionProperties) = preSolution
		HideSolutionNode = FALSE
	EndGlobalSection
EndGlobal
